
Microsoft Visual Studio Solution File, Format Version 12.00
# Visual Studio Version 17
VisualStudioVersion = 17.10.35004.147
MinimumVisualStudioVersion = 10.0.40219.1
Project("{2150E333-8FDC-42A3-9474-1A3956D46DE8}") = "build", "build", "{8E073BBF-FF94-470E-85A3-BA5CD8083921}"
EndProject
Project("{2150E333-8FDC-42A3-9474-1A3956D46DE8}") = "src", "src", "{1890F1C7-0B60-4F9D-840F-A77B41B2D10E}"
EndProject
Project("{2150E333-8FDC-42A3-9474-1A3956D46DE8}") = "Addins", "Addins", "{BDCF0BA7-75DA-4EAC-8028-9DD6DBAC8C3B}"
EndProject
Project("{2150E333-8FDC-42A3-9474-1A3956D46DE8}") = "Models", "Models", "{AC17245C-D8A3-4404-8977-484D61FF42B7}"
	ProjectSection(SolutionItems) = preProject
		PackageContents.xml = PackageContents.xml
	EndProjectSection
EndProject
Project("{2150E333-8FDC-42A3-9474-1A3956D46DE8}") = "ViewModels", "ViewModels", "{F19D3A27-DFFC-4A1E-A72C-1FC314D98525}"
EndProject
Project("{2150E333-8FDC-42A3-9474-1A3956D46DE8}") = "Views", "Views", "{E2375746-C199-41E3-8D50-CEB6260E525E}"
EndProject
Project("{2150E333-8FDC-42A3-9474-1A3956D46DE8}") = "Tests", "Tests", "{C1CB0177-F78D-48F7-A98C-B6099F9D016F}"
EndProject
Project("{9A19103F-16F7-4668-BE54-9A1E7A4F7556}") = "YMplugins.ViewModels", "src\ViewModels\YMplugins.ViewModels.csproj", "{D05E1127-F9C8-45A4-A4AF-86931BF27EEF}"
EndProject
Project("{9A19103F-16F7-4668-BE54-9A1E7A4F7556}") = "YMplugins.Views", "src\Views\WPF\YMplugins.Views.csproj", "{519F7ADC-1B5D-4CA0-904A-711DF117534C}"
EndProject
Project("{2150E333-8FDC-42A3-9474-1A3956D46DE8}") = "Models", "Models", "{1523A72E-C77D-4F78-936F-0648E73251C3}"
EndProject
Project("{2150E333-8FDC-42A3-9474-1A3956D46DE8}") = "Views", "Views", "{609DC0F8-F9DD-4052-9D95-7FACE900429A}"
EndProject
Project("{2150E333-8FDC-42A3-9474-1A3956D46DE8}") = "ViewModels", "ViewModels", "{8A36A19A-7E30-4D01-B7B2-549C14529E60}"
EndProject
Project("{FAE04EC0-301F-11D3-BF4B-00C04F79EFBC}") = "YMplugins.Tests.Views.WPF", "Tests\Views\WPF\YMplugins.Tests.Views.WPF.csproj", "{8ED91ABB-FC0F-4AA0-BF4E-2EB75835587F}"
EndProject
Project("{9A19103F-16F7-4668-BE54-9A1E7A4F7556}") = "YMplugins.Tests.ViewModel", "Tests\ViewModels\YMplugins.Tests.ViewModel.csproj", "{626DBDAF-7784-4A78-923C-E0E086DC3F1A}"
EndProject
Project("{9A19103F-16F7-4668-BE54-9A1E7A4F7556}") = "Mocks", "Tests\Mocks\Mocks.csproj", "{A7820ADC-EA56-45BB-83AC-959ECB399642}"
EndProject
Project("{2150E333-8FDC-42A3-9474-1A3956D46DE8}") = "Services", "Services", "{8E86AF4D-3799-429C-805A-5A0379878112}"
EndProject
Project("{9A19103F-16F7-4668-BE54-9A1E7A4F7556}") = "YMplugins.Services", "src\Services\YMplugins.Services\YMplugins.Services.csproj", "{CCBE6E69-9B30-4238-A2E9-F57B245F516A}"
EndProject
Project("{9A19103F-16F7-4668-BE54-9A1E7A4F7556}") = "YMplugins.Settings", "src\Services\YMplugins.Settings\YMplugins.Settings.csproj", "{97403F31-4257-472A-9DDA-E3AF53CE0D27}"
EndProject
Project("{9A19103F-16F7-4668-BE54-9A1E7A4F7556}") = "YMplugins.Contracts", "src\YMplugins.Contracts\YMplugins.Contracts.csproj", "{1BB33C1A-B0F2-4086-9B57-3261EDEF9A32}"
EndProject
Project("{9A19103F-16F7-4668-BE54-9A1E7A4F7556}") = "YMplugins.TestConsole", "Tests\YMplugins.TestConsole\YMplugins.TestConsole.csproj", "{4EFB73A6-488D-42CB-92C7-37CC0D852D5C}"
EndProject
Project("{FAE04EC0-301F-11D3-BF4B-00C04F79EFBC}") = "Build", "Build\Build.csproj", "{9A7CEFA1-8DED-4B15-A202-563CD40395A3}"
EndProject
Project("{FAE04EC0-301F-11D3-BF4B-00C04F79EFBC}") = "YMplugins.Addin.Autocad2022", "src\Addins\YMplugins.Addin.Autocad2022\YMplugins.Addin.Autocad2022.csproj", "{46E5FAD7-7ECE-44FA-A28C-FBC7428957D3}"
EndProject
Project("{FAE04EC0-301F-11D3-BF4B-00C04F79EFBC}") = "YMplugins.Models.Autocad2022", "src\Models\YMplugins.Models.Autocad2022\YMplugins.Models.Autocad2022.csproj", "{5875C3A6-DB26-4152-A77D-F2CD1B94BD97}"
EndProject
Global
	GlobalSection(SolutionConfigurationPlatforms) = preSolution
		Debug|Any CPU = Debug|Any CPU
		Debug|x64 = Debug|x64
		Release|Any CPU = Release|Any CPU
		Release|x64 = Release|x64
	EndGlobalSection
	GlobalSection(ProjectConfigurationPlatforms) = postSolution
		{D05E1127-F9C8-45A4-A4AF-86931BF27EEF}.Debug|Any CPU.ActiveCfg = Debug|Any CPU
		{D05E1127-F9C8-45A4-A4AF-86931BF27EEF}.Debug|x64.ActiveCfg = Debug|Any CPU
		{D05E1127-F9C8-45A4-A4AF-86931BF27EEF}.Debug|x64.Build.0 = Debug|Any CPU
		{D05E1127-F9C8-45A4-A4AF-86931BF27EEF}.Release|Any CPU.ActiveCfg = Release|Any CPU
		{D05E1127-F9C8-45A4-A4AF-86931BF27EEF}.Release|Any CPU.Build.0 = Release|Any CPU
		{D05E1127-F9C8-45A4-A4AF-86931BF27EEF}.Release|x64.ActiveCfg = Release|Any CPU
		{D05E1127-F9C8-45A4-A4AF-86931BF27EEF}.Release|x64.Build.0 = Release|Any CPU
		{519F7ADC-1B5D-4CA0-904A-711DF117534C}.Debug|Any CPU.ActiveCfg = Debug|Any CPU
		{519F7ADC-1B5D-4CA0-904A-711DF117534C}.Debug|x64.ActiveCfg = Debug|Any CPU
		{519F7ADC-1B5D-4CA0-904A-711DF117534C}.Debug|x64.Build.0 = Debug|Any CPU
		{519F7ADC-1B5D-4CA0-904A-711DF117534C}.Release|Any CPU.ActiveCfg = Release|Any CPU
		{519F7ADC-1B5D-4CA0-904A-711DF117534C}.Release|Any CPU.Build.0 = Release|Any CPU
		{519F7ADC-1B5D-4CA0-904A-711DF117534C}.Release|x64.ActiveCfg = Release|Any CPU
		{519F7ADC-1B5D-4CA0-904A-711DF117534C}.Release|x64.Build.0 = Release|Any CPU
		{8ED91ABB-FC0F-4AA0-BF4E-2EB75835587F}.Debug|Any CPU.ActiveCfg = Debug|Any CPU
		{8ED91ABB-FC0F-4AA0-BF4E-2EB75835587F}.Debug|x64.ActiveCfg = Debug|Any CPU
		{8ED91ABB-FC0F-4AA0-BF4E-2EB75835587F}.Release|Any CPU.ActiveCfg = Release|Any CPU
		{8ED91ABB-FC0F-4AA0-BF4E-2EB75835587F}.Release|Any CPU.Build.0 = Release|Any CPU
		{8ED91ABB-FC0F-4AA0-BF4E-2EB75835587F}.Release|x64.ActiveCfg = Release|Any CPU
		{8ED91ABB-FC0F-4AA0-BF4E-2EB75835587F}.Release|x64.Build.0 = Release|Any CPU
		{626DBDAF-7784-4A78-923C-E0E086DC3F1A}.Debug|Any CPU.ActiveCfg = Debug|Any CPU
		{626DBDAF-7784-4A78-923C-E0E086DC3F1A}.Debug|Any CPU.Build.0 = Debug|Any CPU
		{626DBDAF-7784-4A78-923C-E0E086DC3F1A}.Debug|x64.ActiveCfg = Debug|Any CPU
		{626DBDAF-7784-4A78-923C-E0E086DC3F1A}.Release|Any CPU.ActiveCfg = Release|Any CPU
		{626DBDAF-7784-4A78-923C-E0E086DC3F1A}.Release|Any CPU.Build.0 = Release|Any CPU
		{626DBDAF-7784-4A78-923C-E0E086DC3F1A}.Release|x64.ActiveCfg = Release|Any CPU
		{626DBDAF-7784-4A78-923C-E0E086DC3F1A}.Release|x64.Build.0 = Release|Any CPU
		{A7820ADC-EA56-45BB-83AC-959ECB399642}.Debug|Any CPU.ActiveCfg = Debug|Any CPU
		{A7820ADC-EA56-45BB-83AC-959ECB399642}.Debug|Any CPU.Build.0 = Debug|Any CPU
		{A7820ADC-EA56-45BB-83AC-959ECB399642}.Debug|x64.ActiveCfg = Debug|Any CPU
		{A7820ADC-EA56-45BB-83AC-959ECB399642}.Debug|x64.Build.0 = Debug|Any CPU
		{A7820ADC-EA56-45BB-83AC-959ECB399642}.Release|Any CPU.ActiveCfg = Release|Any CPU
		{A7820ADC-EA56-45BB-83AC-959ECB399642}.Release|Any CPU.Build.0 = Release|Any CPU
		{A7820ADC-EA56-45BB-83AC-959ECB399642}.Release|x64.ActiveCfg = Release|Any CPU
		{A7820ADC-EA56-45BB-83AC-959ECB399642}.Release|x64.Build.0 = Release|Any CPU
		{CCBE6E69-9B30-4238-A2E9-F57B245F516A}.Debug|Any CPU.ActiveCfg = Debug|Any CPU
		{CCBE6E69-9B30-4238-A2E9-F57B245F516A}.Debug|Any CPU.Build.0 = Debug|Any CPU
		{CCBE6E69-9B30-4238-A2E9-F57B245F516A}.Debug|x64.ActiveCfg = Debug|Any CPU
		{CCBE6E69-9B30-4238-A2E9-F57B245F516A}.Debug|x64.Build.0 = Debug|Any CPU
		{CCBE6E69-9B30-4238-A2E9-F57B245F516A}.Release|Any CPU.ActiveCfg = Release|Any CPU
		{CCBE6E69-9B30-4238-A2E9-F57B245F516A}.Release|Any CPU.Build.0 = Release|Any CPU
		{CCBE6E69-9B30-4238-A2E9-F57B245F516A}.Release|x64.ActiveCfg = Release|Any CPU
		{CCBE6E69-9B30-4238-A2E9-F57B245F516A}.Release|x64.Build.0 = Release|Any CPU
		{97403F31-4257-472A-9DDA-E3AF53CE0D27}.Debug|Any CPU.ActiveCfg = Debug|Any CPU
		{97403F31-4257-472A-9DDA-E3AF53CE0D27}.Debug|Any CPU.Build.0 = Debug|Any CPU
		{97403F31-4257-472A-9DDA-E3AF53CE0D27}.Debug|x64.ActiveCfg = Debug|Any CPU
		{97403F31-4257-472A-9DDA-E3AF53CE0D27}.Debug|x64.Build.0 = Debug|Any CPU
		{97403F31-4257-472A-9DDA-E3AF53CE0D27}.Release|Any CPU.ActiveCfg = Release|Any CPU
		{97403F31-4257-472A-9DDA-E3AF53CE0D27}.Release|Any CPU.Build.0 = Release|Any CPU
		{97403F31-4257-472A-9DDA-E3AF53CE0D27}.Release|x64.ActiveCfg = Release|Any CPU
		{97403F31-4257-472A-9DDA-E3AF53CE0D27}.Release|x64.Build.0 = Release|Any CPU
		{1BB33C1A-B0F2-4086-9B57-3261EDEF9A32}.Debug|Any CPU.ActiveCfg = Debug|Any CPU
		{1BB33C1A-B0F2-4086-9B57-3261EDEF9A32}.Debug|Any CPU.Build.0 = Debug|Any CPU
		{1BB33C1A-B0F2-4086-9B57-3261EDEF9A32}.Debug|x64.ActiveCfg = Debug|Any CPU
		{1BB33C1A-B0F2-4086-9B57-3261EDEF9A32}.Debug|x64.Build.0 = Debug|Any CPU
		{1BB33C1A-B0F2-4086-9B57-3261EDEF9A32}.Release|Any CPU.ActiveCfg = Release|Any CPU
		{1BB33C1A-B0F2-4086-9B57-3261EDEF9A32}.Release|Any CPU.Build.0 = Release|Any CPU
		{1BB33C1A-B0F2-4086-9B57-3261EDEF9A32}.Release|x64.ActiveCfg = Release|Any CPU
		{1BB33C1A-B0F2-4086-9B57-3261EDEF9A32}.Release|x64.Build.0 = Release|Any CPU
		{4EFB73A6-488D-42CB-92C7-37CC0D852D5C}.Debug|Any CPU.ActiveCfg = Debug|Any CPU
		{4EFB73A6-488D-42CB-92C7-37CC0D852D5C}.Debug|x64.ActiveCfg = Debug|Any CPU
		{4EFB73A6-488D-42CB-92C7-37CC0D852D5C}.Release|Any CPU.ActiveCfg = Release|Any CPU
		{4EFB73A6-488D-42CB-92C7-37CC0D852D5C}.Release|Any CPU.Build.0 = Release|Any CPU
		{4EFB73A6-488D-42CB-92C7-37CC0D852D5C}.Release|x64.ActiveCfg = Release|Any CPU
		{4EFB73A6-488D-42CB-92C7-37CC0D852D5C}.Release|x64.Build.0 = Release|Any CPU
		{9A7CEFA1-8DED-4B15-A202-563CD40395A3}.Debug|Any CPU.ActiveCfg = Debug|Any CPU
		{9A7CEFA1-8DED-4B15-A202-563CD40395A3}.Debug|Any CPU.Build.0 = Debug|Any CPU
		{9A7CEFA1-8DED-4B15-A202-563CD40395A3}.Debug|x64.ActiveCfg = Debug|x64
		{9A7CEFA1-8DED-4B15-A202-563CD40395A3}.Debug|x64.Build.0 = Debug|x64
		{9A7CEFA1-8DED-4B15-A202-563CD40395A3}.Release|Any CPU.ActiveCfg = Release|Any CPU
		{9A7CEFA1-8DED-4B15-A202-563CD40395A3}.Release|Any CPU.Build.0 = Release|Any CPU
		{9A7CEFA1-8DED-4B15-A202-563CD40395A3}.Release|x64.ActiveCfg = Release|x64
		{9A7CEFA1-8DED-4B15-A202-563CD40395A3}.Release|x64.Build.0 = Release|x64
		{46E5FAD7-7ECE-44FA-A28C-FBC7428957D3}.Debug|Any CPU.ActiveCfg = Debug|Any CPU
		{46E5FAD7-7ECE-44FA-A28C-FBC7428957D3}.Debug|Any CPU.Build.0 = Debug|Any CPU
		{46E5FAD7-7ECE-44FA-A28C-FBC7428957D3}.Debug|x64.ActiveCfg = Debug|Any CPU
		{46E5FAD7-7ECE-44FA-A28C-FBC7428957D3}.Debug|x64.Build.0 = Debug|Any CPU
		{46E5FAD7-7ECE-44FA-A28C-FBC7428957D3}.Release|Any CPU.ActiveCfg = Release|Any CPU
		{46E5FAD7-7ECE-44FA-A28C-FBC7428957D3}.Release|Any CPU.Build.0 = Release|Any CPU
		{46E5FAD7-7ECE-44FA-A28C-FBC7428957D3}.Release|x64.ActiveCfg = Release|Any CPU
		{46E5FAD7-7ECE-44FA-A28C-FBC7428957D3}.Release|x64.Build.0 = Release|Any CPU
		{5875C3A6-DB26-4152-A77D-F2CD1B94BD97}.Debug|Any CPU.ActiveCfg = Debug|Any CPU
		{5875C3A6-DB26-4152-A77D-F2CD1B94BD97}.Debug|Any CPU.Build.0 = Debug|Any CPU
		{5875C3A6-DB26-4152-A77D-F2CD1B94BD97}.Debug|x64.ActiveCfg = Debug|Any CPU
		{5875C3A6-DB26-4152-A77D-F2CD1B94BD97}.Debug|x64.Build.0 = Debug|Any CPU
		{5875C3A6-DB26-4152-A77D-F2CD1B94BD97}.Release|Any CPU.ActiveCfg = Release|Any CPU
		{5875C3A6-DB26-4152-A77D-F2CD1B94BD97}.Release|Any CPU.Build.0 = Release|Any CPU
		{5875C3A6-DB26-4152-A77D-F2CD1B94BD97}.Release|x64.ActiveCfg = Release|Any CPU
		{5875C3A6-DB26-4152-A77D-F2CD1B94BD97}.Release|x64.Build.0 = Release|Any CPU
	EndGlobalSection
	GlobalSection(SolutionProperties) = preSolution
		HideSolutionNode = FALSE
	EndGlobalSection
	GlobalSection(NestedProjects) = preSolution
		{BDCF0BA7-75DA-4EAC-8028-9DD6DBAC8C3B} = {1890F1C7-0B60-4F9D-840F-A77B41B2D10E}
		{AC17245C-D8A3-4404-8977-484D61FF42B7} = {1890F1C7-0B60-4F9D-840F-A77B41B2D10E}
		{F19D3A27-DFFC-4A1E-A72C-1FC314D98525} = {1890F1C7-0B60-4F9D-840F-A77B41B2D10E}
		{E2375746-C199-41E3-8D50-CEB6260E525E} = {1890F1C7-0B60-4F9D-840F-A77B41B2D10E}
		{D05E1127-F9C8-45A4-A4AF-86931BF27EEF} = {F19D3A27-DFFC-4A1E-A72C-1FC314D98525}
		{519F7ADC-1B5D-4CA0-904A-711DF117534C} = {E2375746-C199-41E3-8D50-CEB6260E525E}
		{1523A72E-C77D-4F78-936F-0648E73251C3} = {C1CB0177-F78D-48F7-A98C-B6099F9D016F}
		{609DC0F8-F9DD-4052-9D95-7FACE900429A} = {C1CB0177-F78D-48F7-A98C-B6099F9D016F}
		{8A36A19A-7E30-4D01-B7B2-549C14529E60} = {C1CB0177-F78D-48F7-A98C-B6099F9D016F}
		{8ED91ABB-FC0F-4AA0-BF4E-2EB75835587F} = {609DC0F8-F9DD-4052-9D95-7FACE900429A}
		{626DBDAF-7784-4A78-923C-E0E086DC3F1A} = {8A36A19A-7E30-4D01-B7B2-549C14529E60}
		{A7820ADC-EA56-45BB-83AC-959ECB399642} = {C1CB0177-F78D-48F7-A98C-B6099F9D016F}
		{8E86AF4D-3799-429C-805A-5A0379878112} = {1890F1C7-0B60-4F9D-840F-A77B41B2D10E}
		{CCBE6E69-9B30-4238-A2E9-F57B245F516A} = {8E86AF4D-3799-429C-805A-5A0379878112}
		{97403F31-4257-472A-9DDA-E3AF53CE0D27} = {8E86AF4D-3799-429C-805A-5A0379878112}
		{1BB33C1A-B0F2-4086-9B57-3261EDEF9A32} = {1890F1C7-0B60-4F9D-840F-A77B41B2D10E}
		{4EFB73A6-488D-42CB-92C7-37CC0D852D5C} = {C1CB0177-F78D-48F7-A98C-B6099F9D016F}
		{9A7CEFA1-8DED-4B15-A202-563CD40395A3} = {8E073BBF-FF94-470E-85A3-BA5CD8083921}
		{46E5FAD7-7ECE-44FA-A28C-FBC7428957D3} = {BDCF0BA7-75DA-4EAC-8028-9DD6DBAC8C3B}
		{5875C3A6-DB26-4152-A77D-F2CD1B94BD97} = {AC17245C-D8A3-4404-8977-484D61FF42B7}
	EndGlobalSection
	GlobalSection(ExtensibilityGlobals) = postSolution
		SolutionGuid = {05C28730-9A06-4CB1-97D8-259F5F2C45F5}
	EndGlobalSection
EndGlobal
